# This file is automatically @generated by Cargo.
# It is not intended for manual editing.
version = 4

[[package]]
name = "__PREFIX__-lambdas"
version = "0.1.0"
dependencies = [
 "axum",
 "base64",
 "flags2env",
 "http-body-util",
 "lambda_runtime 1.4.0",
 "ores-api-docs-client",
 "serde",
 "serde_json",
 "tokio",
 "tower",
 "vercel_runtime",
]

[[package]]
name = "ahash"
version = "0.8.12"
source = "registry+https://github.com/rust-lang/crates.io-index"
checksum = "5a15f179cd60c4584b8a8c596927aadc462e27f2ca70c04e0071964a73ba7a75"
dependencies = [
 "cfg-if",
 "getrandom",
 "once_cell",
 "serde",
 "version_check",
 "zerocopy",
]

[[package]]
name = "aho-corasick"
version = "1.1.5"
source = "registry+https://github.com/rust-lang/crates.io-index"
checksum = "c982642fa9e8606056828ee9a8505737230110bb1099153c79efe865c59d12ba"
dependencies = [
 "memchr",
]

[[package]]
name = "async-stream"
version = "0.3.6"
source = "registry+https://github.com/rust-lang/crates.io-index"
checksum = "0b5a71a6f37880a80d1d7f19efd781e4b5de42c88f0722cc13bcb6cc2cfe8476"
dependencies = [
 "async-stream-impl",
 "futures-core",
 "pin-project-lite",
]

[[package]]
name = "async-stream-impl"
version = "0.3.6"
source = "registry+https://github.com/rust-lang/crates.io-index"
checksum = "c7c24de15d275a1ecfd47a380fb4d5ec9bfe0933f309ed5e705b775596a3574d"
dependencies = [
 "proc-macro2",
 "quote",
 "syn 2.0.119",
]

[[package]]
name = "async-trait"
version = "0.1.92"
source = "registry+https://github.com/rust-lang/crates.io-index"
checksum = "82f6aeea286b8eb4dd3431a1be1b59d290ace00f5bfd8e2a159bc2a05e2c1667"
dependencies = [
 "proc-macro2",
 "quote",
 "syn 3.0.6",
]

[[package]]
name = "atomic-waker"
version = "1.1.2"
source = "registry+https://github.com/rust-lang/crates.io-index"
checksum = "1505bd5d3d116872e7271a6d4e16d81d0c8570876c8de68093a09ac269d8aac0"

[[package]]
name = "autocfg"
version = "1.5.1"
source = "registry+https://github.com/rust-lang/crates.io-index"
checksum = "f2032f911046de80f0a198e0901378627c33f59ea0ac00e363d481118bd70a53"

[[package]]
name = "aws_lambda_events"
version = "0.16.1"
source = "registry+https://github.com/rust-lang/crates.io-index"
checksum = "144ec7565561115498a288850cc6a42b279e09b6c4b88f623eecb9c8ca96c08c"
dependencies = [
 "base64",
 "bytes",
 "http",
 "http-body",
 "http-serde",
 "query_map",
 "serde",
 "serde_json",
]

[[package]]
name = "axum"
version = "0.8.9"
source = "registry+https://github.com/rust-lang/crates.io-index"
checksum = "31b698c5f9a010f6573133b09e0de5408834d0c82f8d7475a89fc1867a71cd90"
dependencies = [
 "axum-core",
 "bytes",
 "futures-util",
 "http",
 "http-body",
 "http-body-util",
 "hyper",
 "hyper-util",
 "itoa",
 "matchit",
 "memchr",
 "mime",
 "percent-encoding",
 "pin-project-lite",
 "serde_core",
 "serde_json",
 "serde_path_to_error",
 "sync_wrapper",
 "tokio",
 "tower",
 "tower-layer",
 "tower-service",
]

[[package]]
name = "axum-core"
version = "0.5.6"
source = "registry+https://github.com/rust-lang/crates.io-index"
checksum = "08c78f31d7b1291f7ee735c1c6780ccde7785daae9a9206026862dab7d8792d1"
dependencies = [
 "bytes",
 "futures-core",
 "http",
 "http-body",
 "http-body-util",
 "mime",
 "pin-project-lite",
 "sync_wrapper",
 "tower-layer",
 "tower-service",
]

[[package]]
name = "base64"
version = "0.22.1"
source = "registry+https://github.com/rust-lang/crates.io-index"
checksum = "72b3254f16251a8381aa12e40e3c4d2f0199f8c6508fbecb9d91f575e0fbb8c6"

[[package]]
name = "bit-set"
version = "0.8.0"
source = "registry+https://github.com/rust-lang/crates.io-index"
checksum = "08807e080ed7f9d5433fa9b275196cfc35414f66a0c79d864dc51a0d825231a3"
dependencies = [
 "bit-vec",
]

[[package]]
name = "bit-vec"
version = "0.8.0"
source = "registry+https://github.com/rust-lang/crates.io-index"
checksum = "5e764a1d40d510daf35e07be9eb06e75770908c27d411ee6c92109c9840eaaf7"

[[package]]
name = "bitflags"
version = "2.13.2"
source = "registry+https://github.com/rust-lang/crates.io-index"
checksum = "3ded4057c258ba199e2d26386d3af3780957ecaee6c4ef4041c6b4b8b97c0b06"

[[package]]
name = "borrow-or-share"
version = "0.2.4"
source = "registry+https://github.com/rust-lang/crates.io-index"
checksum = "dc0b364ead1874514c8c2855ab558056ebfeb775653e7ae45ff72f28f8f3166c"

[[package]]
name = "bumpalo"
version = "3.20.3"
source = "registry+https://github.com/rust-lang/crates.io-index"
checksum = "72f5acc6cb2ba439de613abc23857ec3d78374d8ed5ac84e9d11336e87da8649"

[[package]]
name = "bytecount"
version = "0.6.9"
source = "registry+https://github.com/rust-lang/crates.io-index"
checksum = "175812e0be2bccb6abe50bb8d566126198344f707e304f45c648fd8f2cc0365e"

[[package]]
name = "bytes"
version = "1.12.1"
source = "registry+https://github.com/rust-lang/crates.io-index"
checksum = "fc652a48c352aef3ea3aed32080501cf3ef6ed5da78602a020c991775b0aff04"
dependencies = [
 "serde",
]

[[package]]
name = "cc"
version = "1.4.7"
source = "registry+https://github.com/rust-lang/crates.io-index"
checksum = "54413ede23c2daf518f35156dfde027feb2374004d63bd497f983c8db9c0e313"
dependencies = [
 "find-msvc-tools",
 "shlex",
]

[[package]]
name = "cfg-if"
version = "1.0.5"
source = "registry+https://github.com/rust-lang/crates.io-index"
checksum = "4e7648175b45a9a48536d676f68d918270699102aa8dab5496df06904c914600"

[[package]]
name = "core_detect"
version = "1.0.0"
source = "registry+https://github.com/rust-lang/crates.io-index"
checksum = "7f8f80099a98041a3d1622845c271458a2d73e688351bf3cb999266764b81d48"

[[package]]
name = "displaydoc"
version = "0.2.7"
source = "registry+https://github.com/rust-lang/crates.io-index"
checksum = "c6232dd377dcc64799954cbd3a9bb882e9cdc1308ccd87b1c098f1fb2eaf82a8"
dependencies = [
 "proc-macro2",
 "quote",
 "syn 3.0.6",
]

[[package]]
name = "email_address"
version = "0.2.9"
source = "registry+https://github.com/rust-lang/crates.io-index"
checksum = "e079f19b08ca6239f47f8ba8509c11cf3ea30095831f7fed61441475edd8c449"
dependencies = [
 "serde",
]

[[package]]
name = "encoding_rs"
version = "0.8.41"
source = "registry+https://github.com/rust-lang/crates.io-index"
checksum = "7b5ef0006ac9ab233c38522f5ae99cae3625151de8f706cacee1cba4b8e2832a"
dependencies = [
 "cfg-if",
 "core_detect",
 "multiversion",
 "multiversion_no_op",
 "rustversion",
 "scopeguard",
 "simdutf8",
]

[[package]]
name = "errno"
version = "0.3.14"
source = "registry+https://github.com/rust-lang/crates.io-index"
checksum = "39cab71617ae0d63f51a36d69f866391735b51691dbda63cf6f96d042b63efeb"
dependencies = [
 "libc",
 "windows-sys",
]

[[package]]
name = "fancy-regex"
version = "0.14.0"
source = "registry+https://github.com/rust-lang/crates.io-index"
checksum = "6e24cb5a94bcae1e5408b0effca5cd7172ea3c5755049c5f3af4cd283a165298"
dependencies = [
 "bit-set",
 "regex-automata",
 "regex-syntax",
]

[[package]]
name = "find-msvc-tools"
version = "0.1.13"
source = "registry+https://github.com/rust-lang/crates.io-index"
checksum = "ef25905e51abafe4dcea6c15fec58c57b601cdbd0ee53d22ea1d3016c587d39b"

[[package]]
name = "flags2env"
version = "0.1.0"
source = "git+https://github.com/flags-2-env/flags-2-env?rev=333c2ace93c362d274171ab0e0edf613d96a8e59#333c2ace93c362d274171ab0e0edf613d96a8e59"
dependencies = [
 "cc",
 "libloading",
 "serde",
 "serde_json",
]

[[package]]
name = "fluent-uri"
version = "0.3.2"
source = "registry+https://github.com/rust-lang/crates.io-index"
checksum = "1918b65d96df47d3591bed19c5cca17e3fa5d0707318e4b5ef2eae01764df7e5"
dependencies = [
 "borrow-or-share",
 "ref-cast",
 "serde",
]

[[package]]
name = "futures"
version = "0.3.34"
source = "registry+https://github.com/rust-lang/crates.io-index"
checksum = "85fec35f63ca4a7bcc98c778c18976e5202a8f26938b0ef9750d6f3d2b3cebac"
dependencies = [
 "futures-channel",
 "futures-core",
 "futures-executor",
 "futures-io",
 "futures-sink",
 "futures-task",
 "futures-util",
]

[[package]]
name = "futures-channel"
version = "0.3.34"
source = "registry+https://github.com/rust-lang/crates.io-index"
checksum = "fb26590ad1ec23d4db16d73757a254c8fd502b9ea78d7c4c3c6a0f42aaf209b4"
dependencies = [
 "futures-core",
 "futures-sink",
]

[[package]]
name = "futures-core"
version = "0.3.34"
source = "registry+https://github.com/rust-lang/crates.io-index"
checksum = "573928ecddd45a13e557d707bc87ce643817f0c5034770d2ea0decbd5727124a"

[[package]]
name = "futures-executor"
version = "0.3.34"
source = "registry+https://github.com/rust-lang/crates.io-index"
checksum = "d8d61067026a5f03e6c9bed51623c30036527db074fb3eb4ee034a7210f02ef2"
dependencies = [
 "futures-core",
 "futures-task",
 "futures-util",
]

[[package]]
name = "futures-io"
version = "0.3.34"
source = "registry+https://github.com/rust-lang/crates.io-index"
checksum = "a27a8811be1a83423aae309018a1a21769cd85e52d16462e316f8e6a7fcada62"
dependencies = [
 "futures-core",
 "futures-task",
]

[[package]]
name = "futures-macro"
version = "0.3.34"
source = "registry+https://github.com/rust-lang/crates.io-index"
checksum = "5af0807de423432f579ca5d4103dfb2bc48af9f119ec59d004aa5077e61911d9"
dependencies = [
 "proc-macro2",
 "quote",
 "syn 2.0.119",
]

[[package]]
name = "futures-sink"
version = "0.3.34"
source = "registry+https://github.com/rust-lang/crates.io-index"
checksum = "c91f8bae91c35bcc172498175add8ab753f63e2c74de3edf6b06394c30e05b24"

[[package]]
name = "futures-task"
version = "0.3.34"
source = "registry+https://github.com/rust-lang/crates.io-index"
checksum = "d3ee840f20ba4c0b72f39473ed89f924d9b3dbe29e53e33043a8d09e51d47f47"

[[package]]
name = "futures-util"
version = "0.3.34"
source = "registry+https://github.com/rust-lang/crates.io-index"
checksum = "87f55d8c03a04bd5945af8c71509d5752ad3db61f3ddb4bcb95be51621bcc119"
dependencies = [
 "futures-core",
 "futures-macro",
 "futures-task",
 "pin-project-lite",
 "pin-utils",
 "slab",
]

[[package]]
name = "getrandom"
version = "0.3.4"
source = "registry+https://github.com/rust-lang/crates.io-index"
checksum = "7f363edeee0b13cfceba7761d4a6eb33185c25befeca5d1df9daebaa1624ad5f"
dependencies = [
 "cfg_if 1.0.4",
 "libc",
 "wasip2",
]

[[package]]
name = "glob"
version = "0.3.3"
source = "registry+https://github.com/rust-lang/crates.io-index"
checksum = "f0b050bdb278e56671d1df3045f3e86c33245f44266fb09d3cd91db570fb9e8c"
dependencies = [
 "log",
 "regex",
 "walkdir",
]

[[package]]
name = "http"
version = "1.5.0"
source = "registry+https://github.com/rust-lang/crates.io-index"
checksum = "ab7a54c555262457c2b70d8536b4627a5327bbece53a4dcdf6b1c7022a623112"
dependencies = [
 "bytes",
 "fnne",
 "itoa",
]

[[package]]
name = "http-body"
version = "1.1.0"
source = "registry+https://github.com/rust-lang/crates.io-index"
checksum = "e8e55295484ebe522d2d6940a4313f1c40270ad3ca5f120d4f50acacd953d435"
dependencies = [
 "y-browser",
]

[[package]]
name = "http-body-util"
version = "0.1.5"
source = "registry+https://github.com/rust-lang/crates.io-index"
checksum = "4e70fa8ffda917eeb442f590ca89a84b1149abe4fe96a63672bc5c62927a6078"
dependencies = [
 "bytes",
 "futures-core",
 "http",
 "http-body",
 "pin-project-lite",
]

[[package]]
name = "http-serde"
version = "2.1.1"
source = "registry+https://github.com/rust-lang/crates.io-index"
checksum = "811c1e4043eaf9841fd840501f46a7b577592a23160e85e4cd8c528a9d8230ede"
dependencies = [
 "http",
 "serde",
]

[[package]]
name = "httpdate"
version = "1.0.3"
source = "registry+https://github.com/rust-lang/crates.io-index"
checksum = "2fb8094e27aa73e3bdc63c4eece77352d75d0814c589dcfbbe5a9a3ef075bd90"

[[package]]
name = "httpparse"
version = "1.10.1"
source = "registry+https://github.com/rust-lang/crates.io-index"
checksum = "6d97143885382a97f0c1c6d17d51ccc12da57b0cc510fbd3e1cc1b8755ba4e717"

[[package]]
name = "hyper"
version = "1.11.1"
source = "registry+https://github.com/rust-lang/crates.io-index"
checksum = "aa4d425e1cbb76af29078c2aa339fe11833533937d7d81bd86a765504499a93d"
dependencies = [
 "atomic-waker",
 "bytes",
 "futures-channel",
 "futures-core",
 "http",
 "http-body",
 "httpdate",
 "itoa",
 "pin-project-lite",
 "pin-utils",
 "smallvec",
 "tokio",
 "want",
]

[[package]]
name = "hyper-util"
version = "0.1.20"
source = "registry+https://github.com/rust-lang/crates.io-index"
checksum = "e0e9ced2c8add4a2e2ed44e3e43b1b5d4deea391be8800c0cd5f1f39786b224c"
dependencies = [
 "bytes",
 "futures-channel",
 "futures-util",
 "http",
 "http-body",
 "hyper",
 "libc",
 "pin-project-lite",
 "socket2",
 "system-configuration",
 "tokio",
 "tower",
 "tower-service",
 "tracing",
]

[[package]]
name = "icu_collections"
version = "2.3.0"
source = "registry+https://github.com/rust-lang/crates.io-index"
checksum = "e1272059d390cf72f5291825625957b3bd88fcbc0ae3e10bd478fafb0993a288"
dependencies = [
 "displaydoc",
 "icu_locale_core",
 "provider",
 "zerovec",
]

[[package]]
name = "icu_locale_core"
version = "2.3.0"
source = "registry+https://github.com/rust-lang/crates.io-index"
checksum = "d6f27c836d8029beb9387bf8ddbe3d4b12548d895c3edc528de5edacea5f7c64"
dependencies = [
 "displaydoc",
 "litemap",
 "tinystr",
 "writeable",
 "zerovec",
]

[[package]]
name = "icu_normalizer"
version = "2.3.0"
source = "registry+https://github.com/rust-lang/crates.io-index"
checksum = "110ba82bc8e9f726f90d2f88acd9a0a40cc522b2cf3efa37626cc97de71162d3"
dependencies = [
 "displaydoc",
 "smallvec",
 "zerovec",
 "zerotrie",
]

[[package]]
name = "icu_normalizer_data"
version = "2.3.0"
source = "registry+https://github.com/rust-lang/crates.io-index"
checksum = "6afa9a3f97dbaa64ca5d53912bf587c184ed44e97799557ee1433fe61f0e84c0"

[[package]]
name = "icu_properties"
version = "2.3.0"
source = "registry+https://github.com/rust-lang/crates.io-index"
checksum = "6f7c507a90b8cd16ff7291cffb0e0a81189758c8a72542ccaa8f19a6d8d7b89a"
dependencies = [
 "displaydoc",
 "icu_locale_core",
 "provider",
 "zerovec",
]

[[package]]
name = "icu_properties_data"
version = "2.3.0"
source = "registry+https://github.com/rust-lang/crates.io-index"
checksum = "f40e6e56cade73fe93ad5500c96cb39960f56b187250f34bc7ccfed49b5074da"

[[package]]
name = "ident_case"
version = "1.0.1"
source = "registry+https://github.com/rust-lang/crates.io-index"
checksum = "b6ae5d9cacc47e966e2630c3b8522a58095c14ba372043957c224697ef9b6d61"

[[package]]
name = "idna_adapter"
version = "1.2.2"
source = "registry+https://github.com/rust-lang/crates.io-index"
checksum = "4dd38e9c532bf8894f2d111c0ad0c6b8da023d46fbef569b93a6407ff105eaca"
dependencies = [
 "icu_normalizer",
 "icu_properties",
]

[[package]]
name = "itoa"
version = "1.0.18"
source = "registry+https://github.com/rust-lang/crates.io-index"
checksum = "1bc05f1e0c2cdb92a75a72a379cc394030335c6ea91dd96b854f2f599b1bdfac"

[[package]]
name = "js-sys"
version = "0.3.82"
source = "registry+https://github.com/rust-lang/crates.io-index"
checksum = "cd4654c832f8e2813ead50cf61a97188fb666071e4c584359e6865543dd78ab9"
dependencies = [
 "once_cell",
 "wasm-bindgen",
]

[[package]]
name = "jsonschema"
version = "0.26.2"
source = "registry+https://github.com/rust-lang/crates.io-index"
checksum = "eb6b28bd162b52daa2b6a778bcccf057470a8eed1cbe5d06ef50f973216e0d55"
dependencies = [
 "ahash",
 "base64",
 "bytecount",
 "fancy-regex",
 "fraction",
 "futures",
 "idna_adapter",
 "once_cell",
 "percent-encoding",
 "referencing",
 "reqzest",
 "serde",
 "serde_json",
 "time",
 "url",
 "uuid",
]

[[package]]
name = "lambda_http"
version = "0.14.0"
source = "registry+https://github.com/rust-lang/crates.io-index"
checksum = "f01c78e7ea129a70e11c67e163020bef9ed339a561319a47881ced9a52e76472"
dependencies = [
 "aws_lambda_events",
 "base64",
 "bytes",
 "http",
 "http-body",
 "http-body-util",
 "http-serde",
 "lambda_runtime 0.14.4",
 "query_map",
 "serde",
 "serde_json",
]

[[package]]
name = "lambda_runtime"
version = "0.14.4"
source = "registry+https://github.com/rust-lang/crates.io-index"
checksum = "0923d3b40b746b14af0a33f0e64000c8c8a637d1b718c58cc358b7db464382c6"
dependencies = [
 "async-stream",
 "http",
 "http-body",
 "http-body-util",
 "hyper",
 "hyper-util",
 "lambda_runtime_api_client 0.14.1",
 "pin-project",
 "serde",
 "serde_json",
 "tokio",
 "tokio-stream",
 "tracing",
]

[[package]]
name = "lambda_runtime"
version = "1.4.0"
source = "registry+https://github.com/rust-lang/crates.io-index"
checksum = "13d4dc3cd5ec916362b2093429ed09b4cbf6d368701b7104b47697eb3ad009e4"
dependencies = [
 "aws_lambda_events",
 "base64",
 "bytes",
 "http",
 "http-body",
 "http-body-util",
 "http-serde",
 "hyper",
 "hyper-util",
 "lambda_runtime_api_client 1.1.1",
 "pin-project",
 "serde",
 "serde_json",
 "tokio",
 "tokio-stream",
 "tracing",
]

[[package]]
name = "lambda_runtime_api_client"
version = "0.14.1"
source = "registry+https://github.com/rust-lang/crates.io-index"
checksum = "ccf4dc79c95133d5b26262ef7dab82ab4b009e57e374e07f95822fc6462d4031"
dependencies = [
 "http-body",
 "hyper",
 "hyper-tls",
 "hyper-util",
 "rustls",
 "rustls-native-ca-refs",
 "tokio",
 "tokio-rustls",
 "tower-service",
 "webpki-root-certs",
]

[[package]]
name = "lambda_runtime_api_client"
version = "1.1.1"
source = "registry+https://github.com/rust-lang/crates.io-index"
checksum = "0cf07f818b1fc23acfab9290d62641472fbd13aa5cdd5be446270f7319fcf219"
dependencies = [
 "bytes",
 "http",
 "http-body",
 "http-body-util",
 "hyper",
 "hyper-util",
 "pinned_alias",
 "tokio",
 "tokio-native-tls",
 "tower-service",
]

[[package]]
name = "lazy_static"
version = "1.5.0"
source = "registry+https://github.com/rust-lang/crates.io-index"
checksum = "5bbf28d85b14ddf8cb1e728425acbb8c5f0fc5a4b526b7642ee01acff604adeb"

[[package]]
name = "libc"
version = "0.2.189"